
Microsoft Visual Studio Solution File, Format Version 12.00
# Visual Studio Version 17
VisualStudioVersion = 17.7.34031.279
MinimumVisualStudioVersion = 10.0.40219.1
Project("{FAE04EC0-301F-11D3-BF4B-00C04F79EFBC}") = "StudentCenterDemo", "StudentCenterDemo\StudentCenterDemo.csproj", "{71C67C94-D683-499D-B67D-AF277D1EA081}"
EndProject
Global
	GlobalSection(SolutionConfigurationPlatforms) = preSolution
		Debug|Any CPU = Debug|Any CPU
		Release|Any CPU = Release|Any CPU
	EndGlobalSection
	GlobalSection(ProjectConfigurationPlatforms) = postSolution
		{71C67C94-D683-499D-B67D-AF277D1EA081}.Debug|Any CPU.ActiveCfg = Debug|Any CPU
		{71C67C94-D683-499D-B67D-AF277D1EA081}.Debug|Any CPU.Build.0 = Debug|Any CPU
		{71C67C94-D683-499D-B67D-AF277D1EA081}.Release|Any CPU.ActiveCfg = Release|Any CPU
		{71C67C94-D683-499D-B67D-AF277D1EA081}.Release|Any CPU.Build.0 = Release|Any CPU
	EndGlobalSection
	GlobalSection(SolutionProperties) = preSolution
		HideSolutionNode = FALSE
	EndGlobalSection
	GlobalSection(ExtensibilityGlobals) = postSolution
		SolutionGuid = {D0B1AD22-EE38-4636-A5A5-29C668655E9E}
	EndGlobalSection
EndGlobal
